<?xml version="1.0" encoding="utf-8"?>
<Project ToolsVersion="4.0" xmlns="http://schemas.microsoft.com/developer/msbuild/2003">
  <ItemGroup>
    <Filter Include="Source Files">
      <UniqueIdentifier>{4FC737F1-C7A5-4376-A066-2A32D752A2FF}</UniqueIdentifier>
      <Extensions>cpp;c;cc;cxx;def;odl;idl;hpj;bat;asm;asmx</Extensions>
    </Filter>
    <Filter Include="Header Files">
      <UniqueIdentifier>{93995380-89BD-4b04-88EB-625FBE52EBFB}</UniqueIdentifier>
      <Extensions>h;hpp;hxx;hm;inl;inc;xsd</Extensions>
    </Filter>
    <Filter Include="Resource Files">
      <UniqueIdentifier>{67DA6AB6-F800-4c08-8B7A-83BB121AAD01}</UniqueIdentifier>
      <Extensions>rc;ico;cur;bmp;dlg;rc2;rct;bin;rgs;gif;jpg;jpeg;jpe;resx;tiff;tif;png;wav;mfcribbon-ms</Extensions>
    </Filter>
    <Filter Include="Header Files\Mesh Loading">
      <UniqueIdentifier>{85c63d46-c666-43db-9625-c7dbb84314af}</UniqueIdentifier>
    </Filter>
    <Filter Include="Source Files\Input">
      <UniqueIdentifier>{4545a23f-8c36-4b91-8b86-6c318c92762d}</UniqueIdentifier>
    </Filter>
    <Filter Include="Source Files\Mesh Loading">
      <UniqueIdentifier>{78e77c34-baf4-44ee-8519-cf0c8900732f}</UniqueIdentifier>
    </Filter>
    <Filter Include="Header Files\Input">
      <UniqueIdentifier>{51ffe0ae-af04-4851-a452-2fa10ddfc4d3}</UniqueIdentifier>
    </Filter>
  </ItemGroup>
  <ItemGroup>
    <ClCompile Include="DX11.cpp">
      <Filter>Source Files</Filter>
    </ClCompile>
    <ClCompile Include="DX11Shader.cpp">
      <Filter>Source Files</Filter>
    </ClCompile>
    <ClCompile Include="ReportError.cpp">
      <Filter>Source Files</Filter>
    </ClCompile>
    <ClCompile Include="Teapot.cpp">
      <Filter>Source Files</Filter>
    </ClCompile>
    <ClCompile Include="DX11VertexBuffer.cpp">
      <Filter>Source Files</Filter>
    </ClCompile>
    <ClCompile Include="DX11Drawable.cpp">
      <Filter>Source Files</Filter>
    </ClCompile>
    <ClCompile Include="DX11ShaderFile.cpp">
      <Filter>Source Files</Filter>
    </ClCompile>
    <ClCompile Include="AABB.cpp">
      <Filter>Source Files</Filter>
    </ClCompile>
    <ClCompile Include="DX11Texture.cpp">
      <Filter>Source Files</Filter>
    </ClCompile>
    <ClCompile Include="Input.cpp">
      <Filter>Source Files\Input</Filter>
    </ClCompile>
    <ClCompile Include="LoadObjMesh.cpp">
      <Filter>Source Files\Mesh Loading</Filter>
    </ClCompile>
    <ClCompile Include="KeyState.cpp">
      <Filter>Source Files\Input</Filter>
    </ClCompile>
    <ClCompile Include="Mouse.cpp">
      <Filter>Source Files\Input</Filter>
    </ClCompile>
  </ItemGroup>
  <ItemGroup>
    <ClInclude Include="DX11.h">
      <Filter>Header Files</Filter>
    </ClInclude>
    <ClInclude Include="DX11Shader.h">
      <Filter>Header Files</Filter>
    </ClInclude>
    <ClInclude Include="ReportError.h">
      <Filter>Header Files</Filter>
    </ClInclude>
    <ClInclude Include="Teapot.h">
      <Filter>Header Files</Filter>
    </ClInclude>
    <ClInclude Include="DX11VertexBuffer.h">
      <Filter>Header Files</Filter>
    </ClInclude>
    <ClInclude Include="DX11Drawable.h">
      <Filter>Header Files</Filter>
    </ClInclude>
    <ClInclude Include="DX11ShaderFile.h">
      <Filter>Header Files</Filter>
    </ClInclude>
    <ClInclude Include="AABB.h">
      <Filter>Header Files</Filter>
    </ClInclude>
    <ClInclude Include="DX11Texture.h">
      <Filter>Header Files</Filter>
    </ClInclude>
    <ClInclude Include="DXMesh.h">
      <Filter>Header Files</Filter>
    </ClInclude>
    <ClInclude Include="LoadObjMesh.h">
      <Filter>Header Files\Mesh Loading</Filter>
    </ClInclude>
    <ClInclude Include="Keyboard.cpp">
      <Filter>Source Files\Input</Filter>
    </ClInclude>
    <ClInclude Include="KeyState.h">
      <Filter>Header Files\Input</Filter>
    </ClInclude>
    <ClInclude Include="Input.h">
      <Filter>Header Files\Input</Filter>
    </ClInclude>
    <ClInclude Include="InputHandlers.h">
      <Filter>Header Files\Input</Filter>
    </ClInclude>
    <ClInclude Include="Key.h">
      <Filter>Header Files\Input</Filter>
    </ClInclude>
    <ClInclude Include="MouseState.h">
      <Filter>Header Files\Input</Filter>
    </ClInclude>
  </ItemGroup>
  <ItemGroup>
    <None Include="..\readme.txt" />
  </ItemGroup>
</Project>